// !$*UTF8*$!
{
	archiveVersion = 1;
	classes = {
	};
	objectVersion = 55;
	objects = {

/* Begin PBXBuildFile section */
		197FCE022753EFCA00687910 /* ToDoCell.swift in Sources */ = {isa = PBXBuildFile; fileRef = 197FCE012753EFC900687910 /* ToDoCell.swift */; };
		19A8C697274BEB0200D3F2AA /* AppDelegate.swift in Sources */ = {isa = PBXBuildFile; fileRef = 19A8C696274BEB0200D3F2AA /* AppDelegate.swift */; };
		19A8C699274BEB0200D3F2AA /* SceneDelegate.swift in Sources */ = {isa = PBXBuildFile; fileRef = 19A8C698274BEB0200D3F2AA /* SceneDelegate.swift */; };
		19A8C69E274BEB0200D3F2AA /* Main.storyboard in Resources */ = {isa = PBXBuildFile; fileRef = 19A8C69C274BEB0200D3F2AA /* Main.storyboard */; };
		19A8C6A0274BEB0400D3F2AA /* Assets.xcassets in Resources */ = {isa = PBXBuildFile; fileRef = 19A8C69F274BEB0400D3F2AA /* Assets.xcassets */; };
		19A8C6AF274BEF4700D3F2AA /* todo.swift in Sources */ = {isa = PBXBuildFile; fileRef = 19A8C6AE274BEF4600D3F2AA /* todo.swift */; };
		19A8C6B2274BF1E800D3F2AA /* ToDoTableViewController.swift in Sources */ = {isa = PBXBuildFile; fileRef = 19A8C6B1274BF1E800D3F2AA /* ToDoTableViewController.swift */; };
		19A8C6BB274F970600D3F2AA /* ToDoDetailTableViewController.swift in Sources */ = {isa = PBXBuildFile; fileRef = 19A8C6BA274F970600D3F2AA /* ToDoDetailTableViewController.swift */; };
/* End PBXBuildFile section */

/* Begin PBXFileReference section */
		197FCE012753EFC900687910 /* ToDoCell.swift */ = {isa = PBXFileReference; lastKnownFileType = sourcecode.swift; path = ToDoCell.swift; sourceTree = "<group>"; };
		19A8C693274BEB0200D3F2AA /* ToDoList.app */ = {isa = PBXFileReference; explicitFileType = wrapper.application; includeInIndex = 0; path = ToDoList.app; sourceTree = BUILT_PRODUCTS_DIR; };
		19A8C696274BEB0200D3F2AA /* AppDelegate.swift */ = {isa = PBXFileReference; lastKnownFileType = sourcecode.swift; path = AppDelegate.swift; sourceTree = "<group>"; };
		19A8C698274BEB0200D3F2AA /* SceneDelegate.swift */ = {isa = PBXFileReference; lastKnownFileType = sourcecode.swift; path = SceneDelegate.swift; sourceTree = "<group>"; };
		19A8C69D274BEB0200D3F2AA /* Base */ = {isa = PBXFileReference; lastKnownFileType = file.storyboard; name = Base; path = Base.lproj/Main.storyboard; sourceTree = "<group>"; };
		19A8C69F274BEB0400D3F2AA /* Assets.xcassets */ = {isa = PBXFileReference; lastKnownFileType = folder.assetcatalog; path = Assets.xcassets; sourceTree = "<group>"; };
		19A8C6A4274BEB0400D3F2AA /* Info.plist */ = {isa = PBXFileReference; lastKnownFileType = text.plist.xml; path = Info.plist; sourceTree = "<group>"; };
		19A8C6AE274BEF4600D3F2AA /* todo.swift */ = {isa = PBXFileReference; lastKnownFileType = sourcecode.swift; path = todo.swift; sourceTree = "<group>"; };
		19A8C6B1274BF1E800D3F2AA /* ToDoTableViewController.swift */ = {isa = PBXFileReference; lastKnownFileType = sourcecode.swift; name = ToDoTableViewController.swift; path = ToDoList/ToDoTableViewController.swift; sourceTree = SOURCE_ROOT; };
		19A8C6BA274F970600D3F2AA /* ToDoDetailTableViewController.swift */ = {isa = PBXFileReference; lastKnownFileType = sourcecode.swift; path = ToDoDetailTableViewController.swift; sourceTree = "<group>"; };
/* End PBXFileReference section */

/* Begin PBXFrameworksBuildPhase section */
		19A8C690274BEB0200D3F2AA /* Frameworks */ = {
			isa = PBXFrameworksBuildPhase;
			buildActionMask = 2147483647;
			files = (
			);
			runOnlyForDeploymentPostprocessing = 0;
		};
/* End PBXFrameworksBuildPhase section */

/* Begin PBXGroup section */
		19A8C68A274BEB0200D3F2AA = {
			isa = PBXGroup;
			children = (
				19A8C695274BEB0200D3F2AA /* ToDoList */,
				19A8C694274BEB0200D3F2AA /* Products */,
			);
			sourceTree = "<group>";
		};
		19A8C694274BEB0200D3F2AA /* Products */ = {
			isa = PBXGroup;
			children = (
				19A8C693274BEB0200D3F2AA /* ToDoList.app */,
			);
			name = Products;
			sourceTree = "<group>";
		};
		19A8C695274BEB0200D3F2AA /* ToDoList */ = {
			isa = PBXGroup;
			children = (
				19A8C6B4274BF8DD00D3F2AA /* App Delegates */,
				19B7475328226B5D005C1CB6 /* TableView Cell */,
				19A8C6B5274BF8FD00D3F2AA /* ViewControllers */,
				19A8C6B7274BF94E00D3F2AA /* Storyboards */,
				19A8C6B9274BF96400D3F2AA /* Assets */,
				19A8C6B8274BF95D00D3F2AA /* Models */,
			);
			path = ToDoList;
			sourceTree = "<group>";
		};
		19A8C6B4274BF8DD00D3F2AA /* App Delegates */ = {
			isa = PBXGroup;
			children = (
				19A8C696274BEB0200D3F2AA /* AppDelegate.swift */,
				19A8C698274BEB0200D3F2AA /* SceneDelegate.swift */,
			);
			name = "App Delegates";
			sourceTree = "<group>";
		};
		19A8C6B5274BF8FD00D3F2AA /* ViewControllers */ = {
			isa = PBXGroup;
			children = (
				19A8C6BA274F970600D3F2AA /* ToDoDetailTableViewController.swift */,
				19A8C6B1274BF1E800D3F2AA /* ToDoTableViewController.swift */,
			);
			name = ViewControllers;
			sourceTree = "<group>";
		};
		19A8C6B7274BF94E00D3F2AA /* Storyboards */ = {
			isa = PBXGroup;
			children = (
				19A8C69C274BEB0200D3F2AA /* Main.storyboard */,
			);
			name = Storyboards;
			sourceTree = "<group>";
		};
		19A8C6B8274BF95D00D3F2AA /* Models */ = {
			isa = PBXGroup;
			children = (
				19A8C6AE274BEF4600D3F2AA /* todo.swift */,
			);
			name = Models;
			sourceTree = "<group>";
		};
		19A8C6B9274BF96400D3F2AA /* Assets */ = {
			isa = PBXGroup;
			children = (
				19A8C69F274BEB0400D3F2AA /* Assets.xcassets */,
				19A8C6A4274BEB0400D3F2AA /* Info.plist */,
			);
			name = Assets;
			sourceTree = "<group>";
		};
		19B7475328226B5D005C1CB6 /* TableView Cell */ = {
			isa = PBXGroup;
			children = (
				197FCE012753EFC900687910 /* ToDoCell.swift */,
			);
			name = "TableView Cell";
			sourceTree = "<group>";
		};
/* End PBXGroup section */

/* Begin PBXNativeTarget section */
		19A8C692274BEB0200D3F2AA /* ToDoList */ = {
			isa = PBXNativeTarget;
			buildConfigurationList = 19A8C6A7274BEB0400D3F2AA /* Build configuration list for PBXNativeTarget "ToDoList" */;
			buildPhases = (
				19A8C68F274BEB0200D3F2AA /* Sources */,
				19A8C690274BEB0200D3F2AA /* Frameworks */,
				19A8C691274BEB0200D3F2AA /* Resources */,
			);
			buildRules = (
			);
			dependencies = (
			);
			name = ToDoList;
			productName = ToDoList;
			productReference = 19A8C693274BEB0200D3F2AA /* ToDoList.app */;
			productType = "com.apple.product-type.application";
		};
/* End PBXNativeTarget section */

/* Begin PBXProject section */
		19A8C68B274BEB0200D3F2AA /* Project object */ = {
			isa = PBXProject;
			attributes = {
				BuildIndependentTargetsInParallel = 1;
				LastSwiftUpdateCheck = 1310;
				LastUpgradeCheck = 1310;
				TargetAttributes = {
					19A8C692274BEB0200D3F2AA = {
						CreatedOnToolsVersion = 13.1;
					};
				};
			};
			buildConfigurationList = 19A8C68E274BEB0200D3F2AA /* Build configuration list for PBXProject "ToDoList" */;
			compatibilityVersion = "Xcode 13.0";
			developmentRegion = en;
			hasScannedForEncodings = 0;
			knownRegions = (
				en,
				Base,
			);
			mainGroup = 19A8C68A274BEB0200D3F2AA;
			productRefGroup = 19A8C694274BEB0200D3F2AA /* Products */;
			projectDirPath = "";
			projectRoot = "";
			targets = (
				19A8C692274BEB0200D3F2AA /* ToDoList */,
			);
		};
/* End PBXProject section */

/* Begin PBXResourcesBuildPhase section */
		19A8C691274BEB0200D3F2AA /* Resources */ = {
			isa = PBXResourcesBuildPhase;
			buildActionMask = 2147483647;
			files = (
				19A8C6A0274BEB0400D3F2AA /* Assets.xcassets in Resources */,
				19A8C69E274BEB0200D3F2AA /* Main.storyboard in Resources */,
			);
			runOnlyForDeploymentPostprocessing = 0;
		};
/* End PBXResourcesBuildPhase section */

/* Begin PBXSourcesBuildPhase section */
		19A8C68F274BEB0200D3F2AA /* Sources */ = {
			isa = PBXSourcesBuildPhase;
			buildActionMask = 2147483647;
			files = (
				19A8C6AF274BEF4700D3F2AA /* todo.swift in Sources */,
				197FCE022753EFCA00687910 /* ToDoCell.swift in Sources */,
				19A8C6BB274F970600D3F2AA /* ToDoDetailTableViewController.swift in Sources */,
				19A8C6B2274BF1E800D3F2AA /* ToDoTableViewController.swift in Sources */,
				19A8C697274BEB0200D3F2AA /* AppDelegate.swift in Sources */,
				19A8C699274BEB0200D3F2AA /* SceneDelegate.swift in Sources */,
			);
			runOnlyForDeploymentPostprocessing = 0;
		};
/* End PBXSourcesBuildPhase section */

/* Begin PBXVariantGroup section */
		19A8C69C274BEB0200D3F2AA /* Main.storyboard */ = {
			isa = PBXVariantGroup;
			children = (
				19A8C69D274BEB0200D3F2AA /* Base */,
			);
			name = Main.storyboard;
			sourceTree = "<group>";
		};
/* End PBXVariantGroup section */

/* Begin XCBuildConfiguration section */
		19A8C6A5274BEB0400D3F2AA /* Debug */ = {
			isa = XCBuildConfiguration;
			buildSettings = {
				ALWAYS_SEARCH_USER_PATHS = NO;
				CLANG_ANALYZER_NONNULL = YES;
				CLANG_ANALYZER_NUMBER_OBJECT_CONVERSION = YES_AGGRESSIVE;
				CLANG_CXX_LANGUAGE_STANDARD = "gnu++17";
				CLANG_CXX_LIBRARY = "libc++";
				CLANG_ENABLE_MODULES = YES;
				CLANG_ENABLE_OBJC_ARC = YES;
				CLANG_ENABLE_OBJC_WEAK = YES;
				CLANG_WARN_BLOCK_CAPTURE_AUTORELEASING = YES;
				CLANG_WARN_BOOL_CONVERSION = YES;
				CLANG_WARN_COMMA = YES;
				CLANG_WARN_CONSTANT_CONVERSION = YES;
				CLANG_WARN_DEPRECATED_OBJC_IMPLEMENTATIONS = YES;
				CLANG_WARN_DIRECT_OBJC_ISA_USAGE = YES_ERROR;
				CLANG_WARN_DOCUMENTATION_COMMENTS = YES;
				CLANG_WARN_EMPTY_BODY = YES;
				CLANG_WARN_ENUM_CONVERSION = YES;
				CLANG_WARN_INFINITE_RECURSION = YES;
				CLANG_WARN_INT_CONVERSION = YES;
				CLANG_WARN_NON_LITERAL_NULL_CONVERSION = YES;
				CLANG_WARN_OBJC_IMPLICIT_RETAIN_SELF = YES;
				CLANG_WARN_OBJC_LITERAL_CONVERSION = YES;
				CLANG_WARN_OBJC_ROOT_CLASS = YES_ERROR;
				CLANG_WARN_QUOTED_INCLUDE_IN_FRAMEWORK_HEADER = YES;
				CLANG_WARN_RANGE_LOOP_ANALYSIS = YES;
				CLANG_WARN_STRICT_PROTOTYPES = YES;
				CLANG_WARN_SUSPICIOUS_MOVE = YES;
				CLANG_WARN_UNGUARDED_AVAILABILITY = YES_AGGRESSIVE;
				CLANG_WARN_UNREACHABLE_CODE = YES;
				CLANG_WARN__DUPLICATE_METHOD_MATCH = YES;
				COPY_PHASE_STRIP = NO;
				DEBUG_INFORMATION_FORMAT = dwarf;
				ENABLE_STRICT_OBJC_MSGSEND = YES;
				ENABLE_TESTABILITY = YES;
				GCC_C_LANGUAGE_STANDARD = gnu11;
				GCC_DYNAMIC_NO_PIC = NO;
				GCC_NO_COMMON_BLOCKS = YES;
				GCC_OPTIMIZATION_LEVEL = 0;
				GCC_PREPROCESSOR_DEFINITIONS = (
					"DEBUG=1",
					"$(inherited)",
				);
				GCC_WARN_64_TO_32_BIT_CONVERSION = YES;
				GCC_WARN_ABOUT_RETURN_TYPE = YES_ERROR;
				GCC_WARN_UNDECLARED_SELECTOR = YES;
				GCC_WARN_UNINITIALIZED_AUTOS = YES_AGGRESSIVE;
				GCC_WARN_UNUSED_FUNCTION = YES;
				GCC_WARN_UNUSED_VARIABLE = YES;
				IPHONEOS_DEPLOYMENT_TARGET = 15.0;
				MTL_ENABLE_DEBUG_INFO = INCLUDE_SOURCE;
				MTL_FAST_MATH = YES;
				ONLY_ACTIVE_ARCH = YES;
				SDKROOT = iphoneos;
				SWIFT_ACTIVE_COMPILATION_CONDITIONS = DEBUG;
				SWIFT_OPTIMIZATION_LEVEL = "-Onone";
			};
			name = Debug;
		};
		19A8C6A6274BEB0400D3F2AA /* Release */ = {
			isa = XCBuildConfiguration;
			buildSettings = {
				ALWAYS_SEARCH_USER_PATHS = NO;
				CLANG_ANALYZER_NONNULL = YES;
				CLANG_ANALYZER_NUMBER_OBJECT_CONVERSION = YES_AGGRESSIVE;
				CLANG_CXX_LANGUAGE_STANDARD = "gnu++17";
				CLANG_CXX_LIBRARY = "libc++";
				CLANG_ENABLE_MODULES = YES;
				CLANG_ENABLE_OBJC_ARC = YES;
				CLANG_ENABLE_OBJC_WEAK = YES;
				CLANG_WARN_BLOCK_CAPTURE_AUTORELEASING = YES;
				CLANG_WARN_BOOL_CONVERSION = YES;
				CLANG_WARN_COMMA = YES;
				CLANG_WARN_CONSTANT_CONVERSION = YES;
				CLANG_WARN_DEPRECATED_OBJC_IMPLEMENTATIONS = YES;
				CLANG_WARN_DIRECT_OBJC_ISA_USAGE = YES_ERROR;
				CLANG_WARN_DOCUMENTATION_COMMENTS = YES;
				CLANG_WARN_EMPTY_BODY = YES;
				CLANG_WARN_ENUM_CONVERSION = YES;
				CLANG_WARN_INFINITE_RECURSION = YES;
				CLANG_WARN_INT_CONVERSION = YES;
				CLANG_WARN_NON_LITERAL_NULL_CONVERSION = YES;
				CLANG_WARN_OBJC_IMPLICIT_RETAIN_SELF = YES;
				CLANG_WARN_OBJC_LITERAL_CONVERSION = YES;
				CLANG_WARN_OBJC_ROOT_CLASS = YES_ERROR;
				CLANG_WARN_QUOTED_INCLUDE_IN_FRAMEWORK_HEADER = YES;
				CLANG_WARN_RANGE_LOOP_ANALYSIS = YES;
				CLANG_WARN_STRICT_PROTOTYPES = YES;
				CLANG_WARN_SUSPICIOUS_MOVE = YES;
				CLANG_WARN_UNGUARDED_AVAILABILITY = YES_AGGRESSIVE;
				CLANG_WARN_UNREACHABLE_CODE = YES;
				CLANG_WARN__DUPLICATE_METHOD_MATCH = YES;
				COPY_PHASE_STRIP = NO;
				DEBUG_INFORMATION_FORMAT = "dwarf-with-dsym";
				ENABLE_NS_ASSERTIONS = NO;
				ENABLE_STRICT_OBJC_MSGSEND = YES;
				GCC_C_LANGUAGE_STANDARD = gnu11;
				GCC_NO_COMMON_BLOCKS = YES;
				GCC_WARN_64_TO_32_BIT_CONVERSION = YES;
				GCC_WARN_ABOUT_RETURN_TYPE = YES_ERROR;
				GCC_WARN_UNDECLARED_SELECTOR = YES;
				GCC_WARN_UNINITIALIZED_AUTOS = YES_AGGRESSIVE;
				GCC_WARN_UNUSED_FUNCTION = YES;
				GCC_WARN_UNUSED_VARIABLE = YES;
				IPHONEOS_DEPLOYMENT_TARGET = 15.0;
				MTL_ENABLE_DEBUG_INFO = NO;
				MTL_FAST_MATH = YES;
				SDKROOT = iphoneos;
				SWIFT_COMPILATION_MODE = wholemodule;
				SWIFT_OPTIMIZATION_LEVEL = "-O";
				VALIDATE_PRODUCT = YES;
			};
			name = Release;
		};
		19A8C6A8274BEB0400D3F2AA /* Debug */ = {
			isa = XCBuildConfiguration;
			buildSettings = {
				ASSETCATALOG_COMPILER_APPICON_NAME = AppIcon;
				ASSETCATALOG_COMPILER_GLOBAL_ACCENT_COLOR_NAME = AccentColor;
				CODE_SIGN_STYLE = Automatic;
				CURRENT_PROJECT_VERSION = 1;
				DEVELOPMENT_TEAM = D9354N96LY;
				GENERATE_INFOPLIST_FILE = YES;
				INFOPLIST_FILE = ToDoList/Info.plist;
				INFOPLIST_KEY_UIApplicationSupportsIndirectInputEvents = YES;
				INFOPLIST_KEY_UILaunchStoryboardName = LaunchScreen;
				INFOPLIST_KEY_UIMainStoryboardFile = Main;
				INFOPLIST_KEY_UISupportedInterfaceOrientations_iPad = "UIInterfaceOrientationPortrait UIInterfaceOrientationPortraitUpsideDown UIInterfaceOrientationLandscapeLeft UIInterfaceOrientationLandscapeRight";
				INFOPLIST_KEY_UISupportedInterfaceOrientations_iPhone = "UIInterfaceOrientationPortrait UIInterfaceOrientationLandscapeLeft UIInterfaceOrientationLandscapeRight";
				LD_RUNPATH_SEARCH_PATHS = (
					"$(inherited)",
					"@executable_path/Frameworks",
				);
				MARKETING_VERSION = 1.0;
				PRODUCT_BUNDLE_IDENTIFIER = com.example.ToDoList;
				PRODUCT_NAME = "$(TARGET_NAME)";
				SWIFT_EMIT_LOC_STRINGS = YES;
				SWIFT_VERSION = 5.0;
				TARGETED_DEVICE_FAMILY = "1,2";
			};
			name = Debug;
		};
		19A8C6A9274BEB0400D3F2AA /* Release */ = {
			isa = XCBuildConfiguration;
			buildSettings = {
				ASSETCATALOG_COMPILER_APPICON_NAME = AppIcon;
				ASSETCATALOG_COMPILER_GLOBAL_ACCENT_COLOR_NAME = AccentColor;
				CODE_SIGN_STYLE = Automatic;
				CURRENT_PROJECT_VERSION = 1;
				DEVELOPMENT_TEAM = D9354N96LY;
				GENERATE_INFOPLIST_FILE = YES;
				INFOPLIST_FILE = ToDoList/Info.plist;
				INFOPLIST_KEY_UIApplicationSupportsIndirectInputEvents = YES;
				INFOPLIST_KEY_UILaunchStoryboardName = LaunchScreen;
				INFOPLIST_KEY_UIMainStoryboardFile = Main;
				INFOPLIST_KEY_UISupportedInterfaceOrientations_iPad = "UIInterfaceOrientationPortrait UIInterfaceOrientationPortraitUpsideDown UIInterfaceOrientationLandscapeLeft UIInterfaceOrientationLandscapeRight";
				INFOPLIST_KEY_UISupportedInterfaceOrientations_iPhone = "UIInterfaceOrientationPortrait UIInterfaceOrientationLandscapeLeft UIInterfaceOrientationLandscapeRight";
				LD_RUNPATH_SEARCH_PATHS = (
					"$(inherited)",
					"@executable_path/Frameworks",
				);
				MARKETING_VERSION = 1.0;
				PRODUCT_BUNDLE_IDENTIFIER = com.example.ToDoList;
				PRODUCT_NAME = "$(TARGET_NAME)";
				SWIFT_EMIT_LOC_STRINGS = YES;
				SWIFT_VERSION = 5.0;
				TARGETED_DEVICE_FAMILY = "1,2";
			};
			name = Release;
		};
/* End XCBuildConfiguration section */

/* Begin XCConfigurationList section */
		19A8C68E274BEB0200D3F2AA /* Build configuration list for PBXProject "ToDoList" */ = {
			isa = XCConfigurationList;
			buildConfigurations = (
				19A8C6A5274BEB0400D3F2AA /* Debug */,
				19A8C6A6274BEB0400D3F2AA /* Release */,
			);
			defaultConfigurationIsVisible = 0;
			defaultConfigurationName = Release;
		};
		19A8C6A7274BEB0400D3F2AA /* Build configuration list for PBXNativeTarget "ToDoList" */ = {
			isa = XCConfigurationList;
			buildConfigurations = (
				19A8C6A8274BEB0400D3F2AA /* Debug */,
				19A8C6A9274BEB0400D3F2AA /* Release */,
			);
			defaultConfigurationIsVisible = 0;
			defaultConfigurationName = Release;
		};
/* End XCConfigurationList section */
	};
	rootObject = 19A8C68B274BEB0200D3F2AA /* Project object */;
}
